{
    "name": "testdaybot",
    "version": "0.0.2a",
    "lockfileVersion": 1,
    "requires": true,
    "dependencies": {
        "ansi-color": {
            "version": "0.2.1",
            "resolved": "https://registry.npmjs.org/ansi-color/-/ansi-color-0.2.1.tgz",
            "integrity": "sha1-PnXAN0dSF1RO12Oo21cJ+prlv5o="
        },
        "irc": {
            "version": "0.3.7",
            "resolved": "https://registry.npmjs.org/irc/-/irc-0.3.7.tgz",
            "integrity": "sha1-/5j/4iSwh4xVmfW5YP6P8YY92H4=",
            "requires": {
                "ansi-color": "0.2.1"
            }
        }
    }
}
